
Microsoft Visual Studio Solution File, Format Version 12.00
# Visual Studio 14
VisualStudioVersion = 14.0.25420.1
MinimumVisualStudioVersion = 10.0.40219.1
Project("{FAE04EC0-301F-11D3-BF4B-00C04F79EFBC}") = "MyProject", "MyProject\MyProject.csproj", "{7370240F-06E0-4F38-8326-9CD467B2CEBD}"
EndProject
Project("{2150E333-8FDC-42A3-9474-1A3956D46DE8}") = "Solution Items", "Solution Items", "{0EEDC507-F3B9-47CE-B7D3-6FF9043FC597}"
EndProject
Global
	GlobalSection(SolutionConfigurationPlatforms) = preSolution
		Debug|Any CPU = Debug|Any CPU
		Release|Any CPU = Release|Any CPU
	EndGlobalSection
	GlobalSection(ProjectConfigurationPlatforms) = postSolution
		{7370240F-06E0-4F38-8326-9CD467B2CEBD}.Debug|Any CPU.ActiveCfg = Debug|Any CPU
		{7370240F-06E0-4F38-8326-9CD467B2CEBD}.Debug|Any CPU.Build.0 = Debug|Any CPU
		{7370240F-06E0-4F38-8326-9CD467B2CEBD}.Release|Any CPU.ActiveCfg = Release|Any CPU
		{7370240F-06E0-4F38-8326-9CD467B2CEBD}.Release|Any CPU.Build.0 = Release|Any CPU
	EndGlobalSection
	GlobalSection(SolutionProperties) = preSolution
		HideSolutionNode = FALSE
	EndGlobalSection
EndGlobal
